// !$*UTF8*$!
{
	archiveVersion = 1;
	classes = {
	};
	objectVersion = 50;
	objects = {

/* Begin PBXBuildFile section */
		6275BE222762A970008D7BCA /* AppDelegate.swift in Sources */ = {isa = PBXBuildFile; fileRef = 6275BE212762A970008D7BCA /* AppDelegate.swift */; };
		6275BE242762A970008D7BCA /* SceneDelegate.swift in Sources */ = {isa = PBXBuildFile; fileRef = 6275BE232762A970008D7BCA /* SceneDelegate.swift */; };
		6275BE262762A970008D7BCA /* ViewController.swift in Sources */ = {isa = PBXBuildFile; fileRef = 6275BE252762A970008D7BCA /* ViewController.swift */; };
		6275BE292762A970008D7BCA /* Main.storyboard in Resources */ = {isa = PBXBuildFile; fileRef = 6275BE272762A970008D7BCA /* Main.storyboard */; };
		6275BE2B2762A98B008D7BCA /* Assets.xcassets in Resources */ = {isa = PBXBuildFile; fileRef = 6275BE2A2762A98B008D7BCA /* Assets.xcassets */; };
		6275BE2E2762A98B008D7BCA /* LaunchScreen.storyboard in Resources */ = {isa = PBXBuildFile; fileRef = 6275BE2C2762A98B008D7BCA /* LaunchScreen.storyboard */; };
		9243DF4A276AA6AA007B8A58 /* BuyListingTableViewController.swift in Sources */ = {isa = PBXBuildFile; fileRef = 9243DF49276AA6AA007B8A58 /* BuyListingTableViewController.swift */; };
		9243DF4C276AA7C3007B8A58 /* ProductTableViewCell.swift in Sources */ = {isa = PBXBuildFile; fileRef = 9243DF4B276AA7C3007B8A58 /* ProductTableViewCell.swift */; };
		9243DF50276AAF32007B8A58 /* ComprasUSA.xcdatamodeld in Sources */ = {isa = PBXBuildFile; fileRef = 9243DF4E276AAF32007B8A58 /* ComprasUSA.xcdatamodeld */; };
		92BB79EF276F9C61001FFD0A /* StateTableViewController.swift in Sources */ = {isa = PBXBuildFile; fileRef = 92BB79EE276F9C61001FFD0A /* StateTableViewController.swift */; };
		92BB79F2276FDAA2001FFD0A /* Settings.bundle in Resources */ = {isa = PBXBuildFile; fileRef = 92BB79F1276FDAA0001FFD0A /* Settings.bundle */; };
		92BB79F6276FDD45001FFD0A /* SettingsViewController.swift in Sources */ = {isa = PBXBuildFile; fileRef = 92BB79F5276FDD45001FFD0A /* SettingsViewController.swift */; };
		92BB79F927700D44001FFD0A /* StateTableViewCell.swift in Sources */ = {isa = PBXBuildFile; fileRef = 92BB79F827700D44001FFD0A /* StateTableViewCell.swift */; };
		92BB79FB277014D8001FFD0A /* Cotacoes.json in Resources */ = {isa = PBXBuildFile; fileRef = 92BB79FA277014D8001FFD0A /* Cotacoes.json */; };
		92BB79FD277015F5001FFD0A /* Shared in Resources */ = {isa = PBXBuildFile; fileRef = 92BB79FC277015F4001FFD0A /* Shared */; };
		92CBDE38276D29C600B785B3 /* Product+Various.swift in Sources */ = {isa = PBXBuildFile; fileRef = 92CBDE37276D29C500B785B3 /* Product+Various.swift */; };
		92CBDE3A276D2BAD00B785B3 /* UIViewController+Context.swift in Sources */ = {isa = PBXBuildFile; fileRef = 92CBDE39276D2BAD00B785B3 /* UIViewController+Context.swift */; };
		92CBDE3E276D322100B785B3 /* ProductViewController.swift in Sources */ = {isa = PBXBuildFile; fileRef = 92CBDE3D276D322100B785B3 /* ProductViewController.swift */; };
/* End PBXBuildFile section */

/* Begin PBXFileReference section */
		6275BE1E2762A96F008D7BCA /* ComprasUSA.app */ = {isa = PBXFileReference; explicitFileType = wrapper.application; includeInIndex = 0; path = ComprasUSA.app; sourceTree = BUILT_PRODUCTS_DIR; };
		6275BE212762A970008D7BCA /* AppDelegate.swift */ = {isa = PBXFileReference; lastKnownFileType = sourcecode.swift; path = AppDelegate.swift; sourceTree = "<group>"; };
		6275BE232762A970008D7BCA /* SceneDelegate.swift */ = {isa = PBXFileReference; lastKnownFileType = sourcecode.swift; path = SceneDelegate.swift; sourceTree = "<group>"; };
		6275BE252762A970008D7BCA /* ViewController.swift */ = {isa = PBXFileReference; lastKnownFileType = sourcecode.swift; path = ViewController.swift; sourceTree = "<group>"; };
		6275BE282762A970008D7BCA /* Base */ = {isa = PBXFileReference; lastKnownFileType = file.storyboard; name = Base; path = Base.lproj/Main.storyboard; sourceTree = "<group>"; };
		6275BE2A2762A98B008D7BCA /* Assets.xcassets */ = {isa = PBXFileReference; lastKnownFileType = folder.assetcatalog; path = Assets.xcassets; sourceTree = "<group>"; };
		6275BE2D2762A98B008D7BCA /* Base */ = {isa = PBXFileReference; lastKnownFileType = file.storyboard; name = Base; path = Base.lproj/LaunchScreen.storyboard; sourceTree = "<group>"; };
		6275BE2F2762A98B008D7BCA /* Info.plist */ = {isa = PBXFileReference; lastKnownFileType = text.plist.xml; path = Info.plist; sourceTree = "<group>"; };
		9243DF49276AA6AA007B8A58 /* BuyListingTableViewController.swift */ = {isa = PBXFileReference; lastKnownFileType = sourcecode.swift; path = BuyListingTableViewController.swift; sourceTree = "<group>"; };
		9243DF4B276AA7C3007B8A58 /* ProductTableViewCell.swift */ = {isa = PBXFileReference; lastKnownFileType = sourcecode.swift; path = ProductTableViewCell.swift; sourceTree = "<group>"; };
		9243DF4F276AAF32007B8A58 /* ComprasUSA.xcdatamodel */ = {isa = PBXFileReference; lastKnownFileType = wrapper.xcdatamodel; path = ComprasUSA.xcdatamodel; sourceTree = "<group>"; };
		92BB79EE276F9C61001FFD0A /* StateTableViewController.swift */ = {isa = PBXFileReference; lastKnownFileType = sourcecode.swift; path = StateTableViewController.swift; sourceTree = "<group>"; };
		92BB79F1276FDAA0001FFD0A /* Settings.bundle */ = {isa = PBXFileReference; lastKnownFileType = "wrapper.plug-in"; path = Settings.bundle; sourceTree = "<group>"; };
		92BB79F5276FDD45001FFD0A /* SettingsViewController.swift */ = {isa = PBXFileReference; lastKnownFileType = sourcecode.swift; path = SettingsViewController.swift; sourceTree = "<group>"; };
		92BB79F827700D44001FFD0A /* StateTableViewCell.swift */ = {isa = PBXFileReference; lastKnownFileType = sourcecode.swift; path = StateTableViewCell.swift; sourceTree = "<group>"; };
		92BB79FA277014D8001FFD0A /* Cotacoes.json */ = {isa = PBXFileReference; fileEncoding = 4; lastKnownFileType = text.json; path = Cotacoes.json; sourceTree = "<group>"; };
		92BB79FC277015F4001FFD0A /* Shared */ = {isa = PBXFileReference; lastKnownFileType = folder; path = Shared; sourceTree = "<group>"; };
		92CBDE37276D29C500B785B3 /* Product+Various.swift */ = {isa = PBXFileReference; lastKnownFileType = sourcecode.swift; path = "Product+Various.swift"; sourceTree = "<group>"; };
		92CBDE39276D2BAD00B785B3 /* UIViewController+Context.swift */ = {isa = PBXFileReference; lastKnownFileType = sourcecode.swift; path = "UIViewController+Context.swift"; sourceTree = "<group>"; };
		92CBDE3D276D322100B785B3 /* ProductViewController.swift */ = {isa = PBXFileReference; lastKnownFileType = sourcecode.swift; path = ProductViewController.swift; sourceTree = "<group>"; };
/* End PBXFileReference section */

/* Begin PBXFrameworksBuildPhase section */
		6275BE1B2762A96F008D7BCA /* Frameworks */ = {
			isa = PBXFrameworksBuildPhase;
			buildActionMask = 2147483647;
			files = (
			);
			runOnlyForDeploymentPostprocessing = 0;
		};
/* End PBXFrameworksBuildPhase section */

/* Begin PBXGroup section */
		6275BE152762A96F008D7BCA = {
			isa = PBXGroup;
			children = (
				6275BE202762A96F008D7BCA /* ComprasUSA */,
				6275BE1F2762A96F008D7BCA /* Products */,
			);
			sourceTree = "<group>";
		};
		6275BE1F2762A96F008D7BCA /* Products */ = {
			isa = PBXGroup;
			children = (
				6275BE1E2762A96F008D7BCA /* ComprasUSA.app */,
			);
			name = Products;
			sourceTree = "<group>";
		};
		6275BE202762A96F008D7BCA /* ComprasUSA */ = {
			isa = PBXGroup;
			children = (
				92BB79FC277015F4001FFD0A /* Shared */,
				92BB79F3276FDD17001FFD0A /* Settings */,
				92BB79EC276F9C0B001FFD0A /* State */,
				92CBDE3B276D30C800B785B3 /* ProductScreen */,
				92CBDE36276D294300B785B3 /* Extensions */,
				9243DF4D276AAEF8007B8A58 /* Files */,
				9243DF46276AA5EC007B8A58 /* BuyListing */,
				6275BE212762A970008D7BCA /* AppDelegate.swift */,
				6275BE232762A970008D7BCA /* SceneDelegate.swift */,
				6275BE252762A970008D7BCA /* ViewController.swift */,
				6275BE272762A970008D7BCA /* Main.storyboard */,
				6275BE2A2762A98B008D7BCA /* Assets.xcassets */,
				6275BE2C2762A98B008D7BCA /* LaunchScreen.storyboard */,
				6275BE2F2762A98B008D7BCA /* Info.plist */,
			);
			path = ComprasUSA;
			sourceTree = "<group>";
		};
		9243DF46276AA5EC007B8A58 /* BuyListing */ = {
			isa = PBXGroup;
			children = (
				9243DF48276AA650007B8A58 /* Controller */,
				9243DF47276AA649007B8A58 /* View */,
			);
			path = BuyListing;
			sourceTree = "<group>";
		};
		9243DF47276AA649007B8A58 /* View */ = {
			isa = PBXGroup;
			children = (
				9243DF4B276AA7C3007B8A58 /* ProductTableViewCell.swift */,
			);
			path = View;
			sourceTree = "<group>";
		};
		9243DF48276AA650007B8A58 /* Controller */ = {
			isa = PBXGroup;
			children = (
				9243DF49276AA6AA007B8A58 /* BuyListingTableViewController.swift */,
			);
			path = Controller;
			sourceTree = "<group>";
		};
		9243DF4D276AAEF8007B8A58 /* Files */ = {
			isa = PBXGroup;
			children = (
				92BB79FA277014D8001FFD0A /* Cotacoes.json */,
				9243DF4E276AAF32007B8A58 /* ComprasUSA.xcdatamodeld */,
				92BB79F1276FDAA0001FFD0A /* Settings.bundle */,
			);
			path = Files;
			sourceTree = "<group>";
		};
		92BB79EC276F9C0B001FFD0A /* State */ = {
			isa = PBXGroup;
			children = (
				92BB79F727700CC1001FFD0A /* View */,
				92BB79ED276F9C23001FFD0A /* Controller */,
			);
			path = State;
			sourceTree = "<group>";
		};
		92BB79ED276F9C23001FFD0A /* Controller */ = {
			isa = PBXGroup;
			children = (
				92BB79EE276F9C61001FFD0A /* StateTableViewController.swift */,
			);
			path = Controller;
			sourceTree = "<group>";
		};
		92BB79F3276FDD17001FFD0A /* Settings */ = {
			isa = PBXGroup;
			children = (
				92BB79F4276FDD27001FFD0A /* Controller */,
			);
			path = Settings;
			sourceTree = "<group>";
		};
		92BB79F4276FDD27001FFD0A /* Controller */ = {
			isa = PBXGroup;
			children = (
				92BB79F5276FDD45001FFD0A /* SettingsViewController.swift */,
			);
			path = Controller;
			sourceTree = "<group>";
		};
		92BB79F727700CC1001FFD0A /* View */ = {
			isa = PBXGroup;
			children = (
				92BB79F827700D44001FFD0A /* StateTableViewCell.swift */,
			);
			path = View;
			sourceTree = "<group>";
		};
		92CBDE36276D294300B785B3 /* Extensions */ = {
			isa = PBXGroup;
			children = (
				92CBDE37276D29C500B785B3 /* Product+Various.swift */,
				92CBDE39276D2BAD00B785B3 /* UIViewController+Context.swift */,
			);
			path = Extensions;
			sourceTree = "<group>";
		};
		92CBDE3B276D30C800B785B3 /* ProductScreen */ = {
			isa = PBXGroup;
			children = (
				92CBDE3C276D311500B785B3 /* Controller */,
			);
			path = ProductScreen;
			sourceTree = "<group>";
		};
		92CBDE3C276D311500B785B3 /* Controller */ = {
			isa = PBXGroup;
			children = (
				92CBDE3D276D322100B785B3 /* ProductViewController.swift */,
			);
			path = Controller;
			sourceTree = "<group>";
		};
/* End PBXGroup section */

/* Begin PBXNativeTarget section */
		6275BE1D2762A96F008D7BCA /* ComprasUSA */ = {
			isa = PBXNativeTarget;
			buildConfigurationList = 6275BE322762A98B008D7BCA /* Build configuration list for PBXNativeTarget "ComprasUSA" */;
			buildPhases = (
				6275BE1A2762A96F008D7BCA /* Sources */,
				6275BE1B2762A96F008D7BCA /* Frameworks */,
				6275BE1C2762A96F008D7BCA /* Resources */,
			);
			buildRules = (
			);
			dependencies = (
			);
			name = ComprasUSA;
			productName = ComprasUSA;
			productReference = 6275BE1E2762A96F008D7BCA /* ComprasUSA.app */;
			productType = "com.apple.product-type.application";
		};
/* End PBXNativeTarget section */

/* Begin PBXProject section */
		6275BE162762A96F008D7BCA /* Project object */ = {
			isa = PBXProject;
			attributes = {
				LastSwiftUpdateCheck = 1250;
				LastUpgradeCheck = 1250;
				TargetAttributes = {
					6275BE1D2762A96F008D7BCA = {
						CreatedOnToolsVersion = 12.5.1;
					};
				};
			};
			buildConfigurationList = 6275BE192762A96F008D7BCA /* Build configuration list for PBXProject "ComprasUSA" */;
			compatibilityVersion = "Xcode 9.3";
			developmentRegion = en;
			hasScannedForEncodings = 0;
			knownRegions = (
				en,
				Base,
			);
			mainGroup = 6275BE152762A96F008D7BCA;
			productRefGroup = 6275BE1F2762A96F008D7BCA /* Products */;
			projectDirPath = "";
			projectRoot = "";
			targets = (
				6275BE1D2762A96F008D7BCA /* ComprasUSA */,
			);
		};
/* End PBXProject section */

/* Begin PBXResourcesBuildPhase section */
		6275BE1C2762A96F008D7BCA /* Resources */ = {
			isa = PBXResourcesBuildPhase;
			buildActionMask = 2147483647;
			files = (
				92BB79F2276FDAA2001FFD0A /* Settings.bundle in Resources */,
				6275BE2E2762A98B008D7BCA /* LaunchScreen.storyboard in Resources */,
				6275BE2B2762A98B008D7BCA /* Assets.xcassets in Resources */,
				92BB79FB277014D8001FFD0A /* Cotacoes.json in Resources */,
				6275BE292762A970008D7BCA /* Main.storyboard in Resources */,
				92BB79FD277015F5001FFD0A /* Shared in Resources */,
			);
			runOnlyForDeploymentPostprocessing = 0;
		};
/* End PBXResourcesBuildPhase section */

/* Begin PBXSourcesBuildPhase section */
		6275BE1A2762A96F008D7BCA /* Sources */ = {
			isa = PBXSourcesBuildPhase;
			buildActionMask = 2147483647;
			files = (
				6275BE262762A970008D7BCA /* ViewController.swift in Sources */,
				9243DF50276AAF32007B8A58 /* ComprasUSA.xcdatamodeld in Sources */,
				92BB79F6276FDD45001FFD0A /* SettingsViewController.swift in Sources */,
				92CBDE38276D29C600B785B3 /* Product+Various.swift in Sources */,
				6275BE222762A970008D7BCA /* AppDelegate.swift in Sources */,
				92BB79EF276F9C61001FFD0A /* StateTableViewController.swift in Sources */,
				9243DF4C276AA7C3007B8A58 /* ProductTableViewCell.swift in Sources */,
				92BB79F927700D44001FFD0A /* StateTableViewCell.swift in Sources */,
				9243DF4A276AA6AA007B8A58 /* BuyListingTableViewController.swift in Sources */,
				92CBDE3E276D322100B785B3 /* ProductViewController.swift in Sources */,
				92CBDE3A276D2BAD00B785B3 /* UIViewController+Context.swift in Sources */,
				6275BE242762A970008D7BCA /* SceneDelegate.swift in Sources */,
			);
			runOnlyForDeploymentPostprocessing = 0;
		};
/* End PBXSourcesBuildPhase section */

/* Begin PBXVariantGroup section */
		6275BE272762A970008D7BCA /* Main.storyboard */ = {
			isa = PBXVariantGroup;
			children = (
				6275BE282762A970008D7BCA /* Base */,
			);
			name = Main.storyboard;
			sourceTree = "<group>";
		};
		6275BE2C2762A98B008D7BCA /* LaunchScreen.storyboard */ = {
			isa = PBXVariantGroup;
			children = (
				6275BE2D2762A98B008D7BCA /* Base */,
			);
			name = LaunchScreen.storyboard;
			sourceTree = "<group>";
		};
/* End PBXVariantGroup section */

/* Begin XCBuildConfiguration section */
		6275BE302762A98B008D7BCA /* Debug */ = {
			isa = XCBuildConfiguration;
			buildSettings = {
				ALWAYS_SEARCH_USER_PATHS = NO;
				CLANG_ANALYZER_NONNULL = YES;
				CLANG_ANALYZER_NUMBER_OBJECT_CONVERSION = YES_AGGRESSIVE;
				CLANG_CXX_LANGUAGE_STANDARD = "gnu++14";
				CLANG_CXX_LIBRARY = "libc++";
				CLANG_ENABLE_MODULES = YES;
				CLANG_ENABLE_OBJC_ARC = YES;
				CLANG_ENABLE_OBJC_WEAK = YES;
				CLANG_WARN_BLOCK_CAPTURE_AUTORELEASING = YES;
				CLANG_WARN_BOOL_CONVERSION = YES;
				CLANG_WARN_COMMA = YES;
				CLANG_WARN_CONSTANT_CONVERSION = YES;
				CLANG_WARN_DEPRECATED_OBJC_IMPLEMENTATIONS = YES;
				CLANG_WARN_DIRECT_OBJC_ISA_USAGE = YES_ERROR;
				CLANG_WARN_DOCUMENTATION_COMMENTS = YES;
				CLANG_WARN_EMPTY_BODY = YES;
				CLANG_WARN_ENUM_CONVERSION = YES;
				CLANG_WARN_INFINITE_RECURSION = YES;
				CLANG_WARN_INT_CONVERSION = YES;
				CLANG_WARN_NON_LITERAL_NULL_CONVERSION = YES;
				CLANG_WARN_OBJC_IMPLICIT_RETAIN_SELF = YES;
				CLANG_WARN_OBJC_LITERAL_CONVERSION = YES;
				CLANG_WARN_OBJC_ROOT_CLASS = YES_ERROR;
				CLANG_WARN_QUOTED_INCLUDE_IN_FRAMEWORK_HEADER = YES;
				CLANG_WARN_RANGE_LOOP_ANALYSIS = YES;
				CLANG_WARN_STRICT_PROTOTYPES = YES;
				CLANG_WARN_SUSPICIOUS_MOVE = YES;
				CLANG_WARN_UNGUARDED_AVAILABILITY = YES_AGGRESSIVE;
				CLANG_WARN_UNREACHABLE_CODE = YES;
				CLANG_WARN__DUPLICATE_METHOD_MATCH = YES;
				COPY_PHASE_STRIP = NO;
				DEBUG_INFORMATION_FORMAT = dwarf;
				ENABLE_STRICT_OBJC_MSGSEND = YES;
				ENABLE_TESTABILITY = YES;
				GCC_C_LANGUAGE_STANDARD = gnu11;
				GCC_DYNAMIC_NO_PIC = NO;
				GCC_NO_COMMON_BLOCKS = YES;
				GCC_OPTIMIZATION_LEVEL = 0;
				GCC_PREPROCESSOR_DEFINITIONS = (
					"DEBUG=1",
					"$(inherited)",
				);
				GCC_WARN_64_TO_32_BIT_CONVERSION = YES;
				GCC_WARN_ABOUT_RETURN_TYPE = YES_ERROR;
				GCC_WARN_UNDECLARED_SELECTOR = YES;
				GCC_WARN_UNINITIALIZED_AUTOS = YES_AGGRESSIVE;
				GCC_WARN_UNUSED_FUNCTION = YES;
				GCC_WARN_UNUSED_VARIABLE = YES;
				IPHONEOS_DEPLOYMENT_TARGET = 14.5;
				MTL_ENABLE_DEBUG_INFO = INCLUDE_SOURCE;
				MTL_FAST_MATH = YES;
				ONLY_ACTIVE_ARCH = YES;
				SDKROOT = iphoneos;
				SWIFT_ACTIVE_COMPILATION_CONDITIONS = DEBUG;
				SWIFT_OPTIMIZATION_LEVEL = "-Onone";
			};
			name = Debug;
		};
		6275BE312762A98B008D7BCA /* Release */ = {
			isa = XCBuildConfiguration;
			buildSettings = {
				ALWAYS_SEARCH_USER_PATHS = NO;
				CLANG_ANALYZER_NONNULL = YES;
				CLANG_ANALYZER_NUMBER_OBJECT_CONVERSION = YES_AGGRESSIVE;
				CLANG_CXX_LANGUAGE_STANDARD = "gnu++14";
				CLANG_CXX_LIBRARY = "libc++";
				CLANG_ENABLE_MODULES = YES;
				CLANG_ENABLE_OBJC_ARC = YES;
				CLANG_ENABLE_OBJC_WEAK = YES;
				CLANG_WARN_BLOCK_CAPTURE_AUTORELEASING = YES;
				CLANG_WARN_BOOL_CONVERSION = YES;
				CLANG_WARN_COMMA = YES;
				CLANG_WARN_CONSTANT_CONVERSION = YES;
				CLANG_WARN_DEPRECATED_OBJC_IMPLEMENTATIONS = YES;
				CLANG_WARN_DIRECT_OBJC_ISA_USAGE = YES_ERROR;
				CLANG_WARN_DOCUMENTATION_COMMENTS = YES;
				CLANG_WARN_EMPTY_BODY = YES;
				CLANG_WARN_ENUM_CONVERSION = YES;
				CLANG_WARN_INFINITE_RECURSION = YES;
				CLANG_WARN_INT_CONVERSION = YES;
				CLANG_WARN_NON_LITERAL_NULL_CONVERSION = YES;
				CLANG_WARN_OBJC_IMPLICIT_RETAIN_SELF = YES;
				CLANG_WARN_OBJC_LITERAL_CONVERSION = YES;
				CLANG_WARN_OBJC_ROOT_CLASS = YES_ERROR;
				CLANG_WARN_QUOTED_INCLUDE_IN_FRAMEWORK_HEADER = YES;
				CLANG_WARN_RANGE_LOOP_ANALYSIS = YES;
				CLANG_WARN_STRICT_PROTOTYPES = YES;
				CLANG_WARN_SUSPICIOUS_MOVE = YES;
				CLANG_WARN_UNGUARDED_AVAILABILITY = YES_AGGRESSIVE;
				CLANG_WARN_UNREACHABLE_CODE = YES;
				CLANG_WARN__DUPLICATE_METHOD_MATCH = YES;
				COPY_PHASE_STRIP = NO;
				DEBUG_INFORMATION_FORMAT = "dwarf-with-dsym";
				ENABLE_NS_ASSERTIONS = NO;
				ENABLE_STRICT_OBJC_MSGSEND = YES;
				GCC_C_LANGUAGE_STANDARD = gnu11;
				GCC_NO_COMMON_BLOCKS = YES;
				GCC_WARN_64_TO_32_BIT_CONVERSION = YES;
				GCC_WARN_ABOUT_RETURN_TYPE = YES_ERROR;
				GCC_WARN_UNDECLARED_SELECTOR = YES;
				GCC_WARN_UNINITIALIZED_AUTOS = YES_AGGRESSIVE;
				GCC_WARN_UNUSED_FUNCTION = YES;
				GCC_WARN_UNUSED_VARIABLE = YES;
				IPHONEOS_DEPLOYMENT_TARGET = 14.5;
				MTL_ENABLE_DEBUG_INFO = NO;
				MTL_FAST_MATH = YES;
				SDKROOT = iphoneos;
				SWIFT_COMPILATION_MODE = wholemodule;
				SWIFT_OPTIMIZATION_LEVEL = "-O";
				VALIDATE_PRODUCT = YES;
			};
			name = Release;
		};
		6275BE332762A98B008D7BCA /* Debug */ = {
			isa = XCBuildConfiguration;
			buildSettings = {
				ASSETCATALOG_COMPILER_APPICON_NAME = AppIcon;
				ASSETCATALOG_COMPILER_GLOBAL_ACCENT_COLOR_NAME = AccentColor;
				CODE_SIGN_STYLE = Automatic;
				DEVELOPMENT_TEAM = F7Q286HMZ9;
				INFOPLIST_FILE = ComprasUSA/Info.plist;
				LD_RUNPATH_SEARCH_PATHS = (
					"$(inherited)",
					"@executable_path/Frameworks",
				);
				PRODUCT_BUNDLE_IDENTIFIER = "com.area-ar.ComprasUSA";
				PRODUCT_NAME = "$(TARGET_NAME)";
				SWIFT_VERSION = 5.0;
				TARGETED_DEVICE_FAMILY = 1;
			};
			name = Debug;
		};
		6275BE342762A98B008D7BCA /* Release */ = {
			isa = XCBuildConfiguration;
			buildSettings = {
				ASSETCATALOG_COMPILER_APPICON_NAME = AppIcon;
				ASSETCATALOG_COMPILER_GLOBAL_ACCENT_COLOR_NAME = AccentColor;
				CODE_SIGN_STYLE = Automatic;
				DEVELOPMENT_TEAM = F7Q286HMZ9;
				INFOPLIST_FILE = ComprasUSA/Info.plist;
				LD_RUNPATH_SEARCH_PATHS = (
					"$(inherited)",
					"@executable_path/Frameworks",
				);
				PRODUCT_BUNDLE_IDENTIFIER = "com.area-ar.ComprasUSA";
				PRODUCT_NAME = "$(TARGET_NAME)";
				SWIFT_VERSION = 5.0;
				TARGETED_DEVICE_FAMILY = 1;
			};
			name = Release;
		};
/* End XCBuildConfiguration section */

/* Begin XCConfigurationList section */
		6275BE192762A96F008D7BCA /* Build configuration list for PBXProject "ComprasUSA" */ = {
			isa = XCConfigurationList;
			buildConfigurations = (
				6275BE302762A98B008D7BCA /* Debug */,
				6275BE312762A98B008D7BCA /* Release */,
			);
			defaultConfigurationIsVisible = 0;
			defaultConfigurationName = Release;
		};
		6275BE322762A98B008D7BCA /* Build configuration list for PBXNativeTarget "ComprasUSA" */ = {
			isa = XCConfigurationList;
			buildConfigurations = (
				6275BE332762A98B008D7BCA /* Debug */,
				6275BE342762A98B008D7BCA /* Release */,
			);
			defaultConfigurationIsVisible = 0;
			defaultConfigurationName = Release;
		};
/* End XCConfigurationList section */

/* Begin XCVersionGroup section */
		9243DF4E276AAF32007B8A58 /* ComprasUSA.xcdatamodeld */ = {
			isa = XCVersionGroup;
			children = (
				9243DF4F276AAF32007B8A58 /* ComprasUSA.xcdatamodel */,
			);
			currentVersion = 9243DF4F276AAF32007B8A58 /* ComprasUSA.xcdatamodel */;
			path = ComprasUSA.xcdatamodeld;
			sourceTree = "<group>";
			versionGroupType = wrapper.xcdatamodel;
		};
/* End XCVersionGroup section */
	};
	rootObject = 6275BE162762A96F008D7BCA /* Project object */;
}
